# This file is @generated by PDM.
# It is not intended for manual editing.

[metadata]
groups = ["default", "dev"]
strategy = ["cross_platform"]
lock_version = "4.4.1"
content_hash = "sha256:9688dfef8a7f60e71b73eda7bf44a85d6ff5fbc46ebeffa5fd827b13943dccc0"

[[package]]
name = "aiohttp"
version = "3.7.4.post0"
requires_python = ">=3.6"
summary = "Async http client/server framework (asyncio)"
dependencies = [
    "async-timeout<4.0,>=3.0",
    "attrs>=17.3.0",
    "chardet<5.0,>=2.0",
    "multidict<7.0,>=4.5",
    "typing-extensions>=3.6.5",
    "yarl<2.0,>=1.0",
]
files = [
    {file = "aiohttp-3.7.4.post0.tar.gz", hash = "sha256:493d3299ebe5f5a7c66b9819eacdcfbbaaf1a8e84911ddffcdc48888497afecf"},
]

[[package]]
name = "alabaster"
version = "0.7.13"
requires_python = ">=3.6"
summary = "A configurable sidebar-enabled Sphinx theme"
files = [
    {file = "alabaster-0.7.13-py3-none-any.whl", hash = "sha256:1ee19aca801bbabb5ba3f5f258e4422dfa86f82f3e9cefb0859b283cdd7f62a3"},
    {file = "alabaster-0.7.13.tar.gz", hash = "sha256:a27a4a084d5e690e16e01e03ad2b2e552c61a65469419b907243193de1a84ae2"},
]

[[package]]
name = "async-timeout"
version = "3.0.1"
requires_python = ">=3.5.3"
summary = "Timeout context manager for asyncio programs"
files = [
    {file = "async-timeout-3.0.1.tar.gz", hash = "sha256:0c3c816a028d47f659d6ff5c745cb2acf1f966da1fe5c19c77a70282b25f4c5f"},
    {file = "async_timeout-3.0.1-py3-none-any.whl", hash = "sha256:4291ca197d287d274d0b6cb5d6f8f8f82d434ed288f962539ff18cc9012f9ea3"},
]

[[package]]
name = "attrs"
version = "23.1.0"
requires_python = ">=3.7"
summary = "Classes Without Boilerplate"
files = [
    {file = "attrs-23.1.0-py3-none-any.whl", hash = "sha256:1f28b4522cdc2fb4256ac1a020c78acf9cba2c6b461ccd2c126f3aa8e8335d04"},
    {file = "attrs-23.1.0.tar.gz", hash = "sha256:6279836d581513a26f1bf235f9acd333bc9115683f14f7e8fae46c98fc50e015"},
]

[[package]]
name = "babel"
version = "2.13.0"
requires_python = ">=3.7"
summary = "Internationalization utilities"
files = [
    {file = "Babel-2.13.0-py3-none-any.whl", hash = "sha256:fbfcae1575ff78e26c7449136f1abbefc3c13ce542eeb13d43d50d8b047216ec"},
    {file = "Babel-2.13.0.tar.gz", hash = "sha256:04c3e2d28d2b7681644508f836be388ae49e0cfe91465095340395b60d00f210"},
]

[[package]]
name = "cachetools"
version = "5.3.1"
requires_python = ">=3.7"
summary = "Extensible memoizing collections and decorators"
files = [
    {file = "cachetools-5.3.1-py3-none-any.whl", hash = "sha256:95ef631eeaea14ba2e36f06437f36463aac3a096799e876ee55e5cdccb102590"},
    {file = "cachetools-5.3.1.tar.gz", hash = "sha256:dce83f2d9b4e1f732a8cd44af8e8fab2dbe46201467fc98b3ef8f269092bf62b"},
]

[[package]]
name = "certifi"
version = "2023.7.22"
requires_python = ">=3.6"
summary = "Python package for providing Mozilla's CA Bundle."
files = [
    {file = "certifi-2023.7.22-py3-none-any.whl", hash = "sha256:92d6037539857d8206b8f6ae472e8b77db8058fec5937a1ef3f54304089edbb9"},
    {file = "certifi-2023.7.22.tar.gz", hash = "sha256:539cc1d13202e33ca466e88b2807e29f4c13049d6d87031a3c110744495cb082"},
]

[[package]]
name = "chardet"
version = "4.0.0"
requires_python = ">=2.7, !=3.0.*, !=3.1.*, !=3.2.*, !=3.3.*, !=3.4.*"
summary = "Universal encoding detector for Python 2 and 3"
files = [
    {file = "chardet-4.0.0-py2.py3-none-any.whl", hash = "sha256:f864054d66fd9118f2e67044ac8981a54775ec5b67aed0441892edb553d21da5"},
    {file = "chardet-4.0.0.tar.gz", hash = "sha256:0d6f53a15db4120f2b08c94f11e7d93d2c911ee118b6b30a04ec3ee8310179fa"},
]

[[package]]
name = "charset-normalizer"
version = "3.3.1"
requires_python = ">=3.7.0"
summary = "The Real First Universal Charset Detector. Open, modern and actively maintained alternative to Chardet."
files = [
    {file = "charset-normalizer-3.3.1.tar.gz", hash = "sha256:d9137a876020661972ca6eec0766d81aef8a5627df628b664b234b73396e727e"},
    {file = "charset_normalizer-3.3.1-cp311-cp311-macosx_10_9_universal2.whl", hash = "sha256:ae4070f741f8d809075ef697877fd350ecf0b7c5837ed68738607ee0a2c572cf"},
    {file = "charset_normalizer-3.3.1-cp311-cp311-macosx_10_9_x86_64.whl", hash = "sha256:58e875eb7016fd014c0eea46c6fa92b87b62c0cb31b9feae25cbbe62c919f54d"},
    {file = "charset_normalizer-3.3.1-cp311-cp311-macosx_11_0_arm64.whl", hash = "sha256:dbd95e300367aa0827496fe75a1766d198d34385a58f97683fe6e07f89ca3e3c"},
    {file = "charset_normalizer-3.3.1-cp311-cp311-manylinux_2_17_aarch64.manylinux2014_aarch64.whl", hash = "sha256:de0b4caa1c8a21394e8ce971997614a17648f94e1cd0640fbd6b4d14cab13a72"},
    {file = "charset_normalizer-3.3.1-cp311-cp311-manylinux_2_17_ppc64le.manylinux2014_ppc64le.whl", hash = "sha256:985c7965f62f6f32bf432e2681173db41336a9c2611693247069288bcb0c7f8b"},
    {file = "charset_normalizer-3.3.1-cp311-cp311-manylinux_2_17_s390x.manylinux2014_s390x.whl", hash = "sha256:a15c1fe6d26e83fd2e5972425a772cca158eae58b05d4a25a4e474c221053e2d"},
    {file = "charset_normalizer-3.3.1-cp311-cp311-manylinux_2_17_x86_64.manylinux2014_x86_64.whl", hash = "sha256:ae55d592b02c4349525b6ed8f74c692509e5adffa842e582c0f861751701a673"},
    {file = "charset_normalizer-3.3.1-cp311-cp311-manylinux_2_5_i686.manylinux1_i686.manylinux_2_17_i686.manylinux2014_i686.whl", hash = "sha256:be4d9c2770044a59715eb57c1144dedea7c5d5ae80c68fb9959515037cde2008"},
    {file = "charset_normalizer-3.3.1-cp311-cp311-musllinux_1_1_aarch64.whl", hash = "sha256:851cf693fb3aaef71031237cd68699dded198657ec1e76a76eb8be58c03a5d1f"},
    {file = "charset_normalizer-3.3.1-cp311-cp311-musllinux_1_1_i686.whl", hash = "sha256:31bbaba7218904d2eabecf4feec0d07469284e952a27400f23b6628439439fa7"},
    {file = "charset_normalizer-3.3.1-cp311-cp311-musllinux_1_1_ppc64le.whl", hash = "sha256:871d045d6ccc181fd863a3cd66ee8e395523ebfbc57f85f91f035f50cee8e3d4"},
    {file = "charset_normalizer-3.3.1-cp311-cp311-musllinux_1_1_s390x.whl", hash = "sha256:501adc5eb6cd5f40a6f77fbd90e5ab915c8fd6e8c614af2db5561e16c600d6f3"},
    {file = "charset_normalizer-3.3.1-cp311-cp311-musllinux_1_1_x86_64.whl", hash = "sha256:f5fb672c396d826ca16a022ac04c9dce74e00a1c344f6ad1a0fdc1ba1f332213"},
    {file = "charset_normalizer-3.3.1-cp311-cp311-win32.whl", hash = "sha256:bb06098d019766ca16fc915ecaa455c1f1cd594204e7f840cd6258237b5079a8"},
    {file = "charset_normalizer-3.3.1-cp311-cp311-win_amd64.whl", hash = "sha256:8af5a8917b8af42295e86b64903156b4f110a30dca5f3b5aedea123fbd638bff"},
    {file = "charset_normalizer-3.3.1-py3-none-any.whl", hash = "sha256:800561453acdecedaac137bf09cd719c7a440b6800ec182f077bb8e7025fb708"},
]

[[package]]
name = "colorama"
version = "0.4.6"
requires_python = "!=3.0.*,!=3.1.*,!=3.2.*,!=3.3.*,!=3.4.*,!=3.5.*,!=3.6.*,>=2.7"
summary = "Cross-platform colored terminal text."
files = [
    {file = "colorama-0.4.6-py2.py3-none-any.whl", hash = "sha256:4f1d9991f5acc0ca119f9d443620b77f9d6b33703e51011c16baf57afb285fc6"},
    {file = "colorama-0.4.6.tar.gz", hash = "sha256:08695f5cb7ed6e0531a20572697297273c47b8cae5a63ffc6d6ed5c201be6e44"},
]

[[package]]
name = "discord-py"
version = "2.0.0a3576"
requires_python = ">=3.8.0"
git = "https://github.com/yakMM/discord.py"
ref = "1.x"
revision = "116a968175eafd4bc9f83520b9f6dec105f7fd61"
summary = "A Python wrapper for the Discord API"
dependencies = [
    "aiohttp<3.8.0,>=3.6.0",
]

[[package]]
name = "dnspython"
version = "2.4.2"
requires_python = ">=3.8,<4.0"
summary = "DNS toolkit"
files = [
    {file = "dnspython-2.4.2-py3-none-any.whl", hash = "sha256:57c6fbaaeaaf39c891292012060beb141791735dbb4004798328fc2c467402d8"},
    {file = "dnspython-2.4.2.tar.gz", hash = "sha256:8dcfae8c7460a2f84b4072e26f1c9f4101ca20c071649cb7c34e8b6a93d58984"},
]

[[package]]
name = "docutils"
version = "0.18.1"
requires_python = ">=2.7, !=3.0.*, !=3.1.*, !=3.2.*, !=3.3.*, !=3.4.*"
summary = "Docutils -- Python Documentation Utilities"
files = [
    {file = "docutils-0.18.1-py2.py3-none-any.whl", hash = "sha256:23010f129180089fbcd3bc08cfefccb3b890b0050e1ca00c867036e9d161b98c"},
    {file = "docutils-0.18.1.tar.gz", hash = "sha256:679987caf361a7539d76e584cbeddc311e3aee937877c87346f31debc63e9d06"},
]

[[package]]
name = "google-auth"
version = "2.23.3"
requires_python = ">=3.7"
summary = "Google Authentication Library"
dependencies = [
    "cachetools<6.0,>=2.0.0",
    "pyasn1-modules>=0.2.1",
    "rsa<5,>=3.1.4",
]
files = [
    {file = "google-auth-2.23.3.tar.gz", hash = "sha256:6864247895eea5d13b9c57c9e03abb49cb94ce2dc7c58e91cba3248c7477c9e3"},
    {file = "google_auth-2.23.3-py2.py3-none-any.whl", hash = "sha256:a8f4608e65c244ead9e0538f181a96c6e11199ec114d41f1d7b1bffa96937bda"},
]

[[package]]
name = "google-auth-oauthlib"
version = "1.1.0"
requires_python = ">=3.6"
summary = "Google Authentication Library"
dependencies = [
    "google-auth>=2.15.0",
    "requests-oauthlib>=0.7.0",
]
files = [
    {file = "google-auth-oauthlib-1.1.0.tar.gz", hash = "sha256:83ea8c3b0881e453790baff4448e8a6112ac8778d1de9da0b68010b843937afb"},
    {file = "google_auth_oauthlib-1.1.0-py2.py3-none-any.whl", hash = "sha256:089c6e587d36f4803ac7e0720c045c6a8b1fd1790088b8424975b90d0ee61c12"},
]

[[package]]
name = "gspread"
version = "6.1.0"
requires_python = ">=3.8"
summary = "Google Spreadsheets Python API"
dependencies = [
    "StrEnum==0.4.15",
    "google-auth-oauthlib>=0.4.1",
    "google-auth>=1.12.0",
]
files = [
    {file = "gspread-6.1.0-py3-none-any.whl", hash = "sha256:67aa3335cfcbb2625e41b53129433ba779f2890244a4c532624362ce5e022342"},
    {file = "gspread-6.1.0.tar.gz", hash = "sha256:576b72b628b251d2ee41e02b982d3c714d511d2a5aa3a88e587ed9efc4d6e752"},
]

[[package]]
name = "idna"
version = "3.4"
requires_python = ">=3.5"
summary = "Internationalized Domain Names in Applications (IDNA)"
files = [
    {file = "idna-3.4-py3-none-any.whl", hash = "sha256:90b77e79eaa3eba6de819a0c442c0b4ceefc341a7a2ab77d7562bf49f425c5c2"},
    {file = "idna-3.4.tar.gz", hash = "sha256:814f528e8dead7d329833b91c5faa87d60bf71824cd12a7530b5526063d02cb4"},
]

[[package]]
name = "imagesize"
version = "1.4.1"
requires_python = ">=2.7, !=3.0.*, !=3.1.*, !=3.2.*, !=3.3.*"
summary = "Getting image size from png/jpeg/jpeg2000/gif file"
files = [
    {file = "imagesize-1.4.1-py2.py3-none-any.whl", hash = "sha256:0d8d18d08f840c19d0ee7ca1fd82490fdc3729b7ac93f49870406ddde8ef8d8b"},
    {file = "imagesize-1.4.1.tar.gz", hash = "sha256:69150444affb9cb0d5cc5a92b3676f0b2fb7cd9ae39e947a5e11a36b4497cd4a"},
]

[[package]]
name = "jinja2"
version = "3.1.2"
requires_python = ">=3.7"
summary = "A very fast and expressive template engine."
dependencies = [
    "MarkupSafe>=2.0",
]
files = [
    {file = "Jinja2-3.1.2-py3-none-any.whl", hash = "sha256:6088930bfe239f0e6710546ab9c19c9ef35e29792895fed6e6e31a023a182a61"},
    {file = "Jinja2-3.1.2.tar.gz", hash = "sha256:31351a702a408a9e7595a8fc6150fc3f43bb6bf7e319770cbc0db9df9437e852"},
]

[[package]]
name = "markupsafe"
version = "2.1.3"
requires_python = ">=3.7"
summary = "Safely add untrusted strings to HTML/XML markup."
files = [
    {file = "MarkupSafe-2.1.3-cp311-cp311-macosx_10_9_universal2.whl", hash = "sha256:ad9e82fb8f09ade1c3e1b996a6337afac2b8b9e365f926f5a61aacc71adc5b3c"},
    {file = "MarkupSafe-2.1.3-cp311-cp311-macosx_10_9_x86_64.whl", hash = "sha256:3c0fae6c3be832a0a0473ac912810b2877c8cb9d76ca48de1ed31e1c68386575"},
    {file = "MarkupSafe-2.1.3-cp311-cp311-manylinux_2_17_aarch64.manylinux2014_aarch64.whl", hash = "sha256:b076b6226fb84157e3f7c971a47ff3a679d837cf338547532ab866c57930dbee"},
    {file = "MarkupSafe-2.1.3-cp311-cp311-manylinux_2_17_x86_64.manylinux2014_x86_64.whl", hash = "sha256:bfce63a9e7834b12b87c64d6b155fdd9b3b96191b6bd334bf37db7ff1fe457f2"},
    {file = "MarkupSafe-2.1.3-cp311-cp311-manylinux_2_5_i686.manylinux1_i686.manylinux_2_17_i686.manylinux2014_i686.whl", hash = "sha256:338ae27d6b8745585f87218a3f23f1512dbf52c26c28e322dbe54bcede54ccb9"},
    {file = "MarkupSafe-2.1.3-cp311-cp311-musllinux_1_1_aarch64.whl", hash = "sha256:e4dd52d80b8c83fdce44e12478ad2e85c64ea965e75d66dbeafb0a3e77308fcc"},
    {file = "MarkupSafe-2.1.3-cp311-cp311-musllinux_1_1_i686.whl", hash = "sha256:df0be2b576a7abbf737b1575f048c23fb1d769f267ec4358296f31c2479db8f9"},
    {file = "MarkupSafe-2.1.3-cp311-cp311-musllinux_1_1_x86_64.whl", hash = "sha256:5bbe06f8eeafd38e5d0a4894ffec89378b6c6a625ff57e3028921f8ff59318ac"},
    {file = "MarkupSafe-2.1.3-cp311-cp311-win32.whl", hash = "sha256:dd15ff04ffd7e05ffcb7fe79f1b98041b8ea30ae9234aed2a9168b5797c3effb"},
    {file = "MarkupSafe-2.1.3-cp311-cp311-win_amd64.whl", hash = "sha256:134da1eca9ec0ae528110ccc9e48041e0828d79f24121a1a146161103c76e686"},
    {file = "MarkupSafe-2.1.3.tar.gz", hash = "sha256:af598ed32d6ae86f1b747b82783958b1a4ab8f617b06fe68795c7f026abbdcad"},
]

[[package]]
name = "multidict"
version = "6.0.4"
requires_python = ">=3.7"
summary = "multidict implementation"
files = [
    {file = "multidict-6.0.4-cp311-cp311-macosx_10_9_universal2.whl", hash = "sha256:0dfad7a5a1e39c53ed00d2dd0c2e36aed4650936dc18fd9a1826a5ae1cad6f03"},
    {file = "multidict-6.0.4-cp311-cp311-macosx_10_9_x86_64.whl", hash = "sha256:64da238a09d6039e3bd39bb3aee9c21a5e34f28bfa5aa22518581f910ff94af3"},
    {file = "multidict-6.0.4-cp311-cp311-macosx_11_0_arm64.whl", hash = "sha256:ff959bee35038c4624250473988b24f846cbeb2c6639de3602c073f10410ceba"},
    {file = "multidict-6.0.4-cp311-cp311-manylinux_2_17_aarch64.manylinux2014_aarch64.whl", hash = "sha256:01a3a55bd90018c9c080fbb0b9f4891db37d148a0a18722b42f94694f8b6d4c9"},
    {file = "multidict-6.0.4-cp311-cp311-manylinux_2_17_ppc64le.manylinux2014_ppc64le.whl", hash = "sha256:c5cb09abb18c1ea940fb99360ea0396f34d46566f157122c92dfa069d3e0e982"},
    {file = "multidict-6.0.4-cp311-cp311-manylinux_2_17_s390x.manylinux2014_s390x.whl", hash = "sha256:666daae833559deb2d609afa4490b85830ab0dfca811a98b70a205621a6109fe"},
    {file = "multidict-6.0.4-cp311-cp311-manylinux_2_17_x86_64.manylinux2014_x86_64.whl", hash = "sha256:11bdf3f5e1518b24530b8241529d2050014c884cf18b6fc69c0c2b30ca248710"},
    {file = "multidict-6.0.4-cp311-cp311-manylinux_2_5_i686.manylinux1_i686.manylinux_2_17_i686.manylinux2014_i686.whl", hash = "sha256:7d18748f2d30f94f498e852c67d61261c643b349b9d2a581131725595c45ec6c"},
    {file = "multidict-6.0.4-cp311-cp311-musllinux_1_1_aarch64.whl", hash = "sha256:458f37be2d9e4c95e2d8866a851663cbc76e865b78395090786f6cd9b3bbf4f4"},
    {file = "multidict-6.0.4-cp311-cp311-musllinux_1_1_i686.whl", hash = "sha256:b1a2eeedcead3a41694130495593a559a668f382eee0727352b9a41e1c45759a"},
    {file = "multidict-6.0.4-cp311-cp311-musllinux_1_1_ppc64le.whl", hash = "sha256:7d6ae9d593ef8641544d6263c7fa6408cc90370c8cb2bbb65f8d43e5b0351d9c"},
    {file = "multidict-6.0.4-cp311-cp311-musllinux_1_1_s390x.whl", hash = "sha256:5979b5632c3e3534e42ca6ff856bb24b2e3071b37861c2c727ce220d80eee9ed"},
    {file = "multidict-6.0.4-cp311-cp311-musllinux_1_1_x86_64.whl", hash = "sha256:dcfe792765fab89c365123c81046ad4103fcabbc4f56d1c1997e6715e8015461"},
    {file = "multidict-6.0.4-cp311-cp311-win32.whl", hash = "sha256:3601a3cece3819534b11d4efc1eb76047488fddd0c85a3948099d5da4d504636"},
    {file = "multidict-6.0.4-cp311-cp311-win_amd64.whl", hash = "sha256:81a4f0b34bd92df3da93315c6a59034df95866014ac08535fc819f043bfd51f0"},
    {file = "multidict-6.0.4.tar.gz", hash = "sha256:3666906492efb76453c0e7b97f2cf459b0682e7402c0489a95484965dbc1da49"},
]

[[package]]
name = "numpy"
version = "1.26.4"
requires_python = ">=3.9"
summary = "Fundamental package for array computing in Python"
files = [
    {file = "numpy-1.26.4-cp311-cp311-macosx_10_9_x86_64.whl", hash = "sha256:4c66707fabe114439db9068ee468c26bbdf909cac0fb58686a42a24de1760c71"},
    {file = "numpy-1.26.4-cp311-cp311-macosx_11_0_arm64.whl", hash = "sha256:edd8b5fe47dab091176d21bb6de568acdd906d1887a4584a15a9a96a1dca06ef"},
    {file = "numpy-1.26.4-cp311-cp311-manylinux_2_17_aarch64.manylinux2014_aarch64.whl", hash = "sha256:7ab55401287bfec946ced39700c053796e7cc0e3acbef09993a9ad2adba6ca6e"},
    {file = "numpy-1.26.4-cp311-cp311-manylinux_2_17_x86_64.manylinux2014_x86_64.whl", hash = "sha256:666dbfb6ec68962c033a450943ded891bed2d54e6755e35e5835d63f4f6931d5"},
    {file = "numpy-1.26.4-cp311-cp311-musllinux_1_1_aarch64.whl", hash = "sha256:96ff0b2ad353d8f990b63294c8986f1ec3cb19d749234014f4e7eb0112ceba5a"},
    {file = "numpy-1.26.4-cp311-cp311-musllinux_1_1_x86_64.whl", hash = "sha256:60dedbb91afcbfdc9bc0b1f3f402804070deed7392c23eb7a7f07fa857868e8a"},
    {file = "numpy-1.26.4-cp311-cp311-win32.whl", hash = "sha256:1af303d6b2210eb850fcf03064d364652b7120803a0b872f5211f5234b399f20"},
    {file = "numpy-1.26.4-cp311-cp311-win_amd64.whl", hash = "sha256:cd25bcecc4974d09257ffcd1f098ee778f7834c3ad767fe5db785be9a4aa9cb2"},
    {file = "numpy-1.26.4-pp39-pypy39_pp73-macosx_10_9_x86_64.whl", hash = "sha256:afedb719a9dcfc7eaf2287b839d8198e06dcd4cb5d276a3df279231138e83d30"},
    {file = "numpy-1.26.4-pp39-pypy39_pp73-manylinux_2_17_x86_64.manylinux2014_x86_64.whl", hash = "sha256:95a7476c59002f2f6c590b9b7b998306fba6a5aa646b1e22ddfeaf8f78c3a29c"},
    {file = "numpy-1.26.4-pp39-pypy39_pp73-win_amd64.whl", hash = "sha256:7e50d0a0cc3189f9cb0aeb3a6a6af18c16f59f004b866cd2be1c14b36134a4a0"},
    {file = "numpy-1.26.4.tar.gz", hash = "sha256:2a02aba9ed12e4ac4eb3ea9421c420301a0c6460d9830d74a9df87efa4912010"},
]

[[package]]
name = "oauthlib"
version = "3.2.2"
requires_python = ">=3.6"
summary = "A generic, spec-compliant, thorough implementation of the OAuth request-signing logic"
files = [
    {file = "oauthlib-3.2.2-py3-none-any.whl", hash = "sha256:8139f29aac13e25d502680e9e19963e83f16838d48a0d71c287fe40e7067fbca"},
    {file = "oauthlib-3.2.2.tar.gz", hash = "sha256:9859c40929662bec5d64f34d01c99e093149682a3f38915dc0655d5a633dd918"},
]

[[package]]
name = "packaging"
version = "23.2"
requires_python = ">=3.7"
summary = "Core utilities for Python packages"
files = [
    {file = "packaging-23.2-py3-none-any.whl", hash = "sha256:8c491190033a9af7e1d931d0b5dacc2ef47509b34dd0de67ed209b5203fc88c7"},
    {file = "packaging-23.2.tar.gz", hash = "sha256:048fb0e9405036518eaaf48a55953c750c11e1a1b68e0dd1a9d62ed0c092cfc5"},
]

[[package]]
name = "pillow"
version = "9.5.0"
requires_python = ">=3.7"
summary = "Python Imaging Library (Fork)"
files = [
    {file = "Pillow-9.5.0-cp311-cp311-macosx_10_10_x86_64.whl", hash = "sha256:7ec6f6ce99dab90b52da21cf0dc519e21095e332ff3b399a357c187b1a5eee32"},
    {file = "Pillow-9.5.0-cp311-cp311-macosx_11_0_arm64.whl", hash = "sha256:560737e70cb9c6255d6dcba3de6578a9e2ec4b573659943a5e7e4af13f298f5c"},
    {file = "Pillow-9.5.0-cp311-cp311-manylinux_2_17_aarch64.manylinux2014_aarch64.whl", hash = "sha256:96e88745a55b88a7c64fa49bceff363a1a27d9a64e04019c2281049444a571e3"},
    {file = "Pillow-9.5.0-cp311-cp311-manylinux_2_17_i686.manylinux2014_i686.whl", hash = "sha256:d9c206c29b46cfd343ea7cdfe1232443072bbb270d6a46f59c259460db76779a"},
    {file = "Pillow-9.5.0-cp311-cp311-manylinux_2_17_x86_64.manylinux2014_x86_64.whl", hash = "sha256:cfcc2c53c06f2ccb8976fb5c71d448bdd0a07d26d8e07e321c103416444c7ad1"},
    {file = "Pillow-9.5.0-cp311-cp311-manylinux_2_28_aarch64.whl", hash = "sha256:a0f9bb6c80e6efcde93ffc51256d5cfb2155ff8f78292f074f60f9e70b942d99"},
    {file = "Pillow-9.5.0-cp311-cp311-manylinux_2_28_x86_64.whl", hash = "sha256:8d935f924bbab8f0a9a28404422da8af4904e36d5c33fc6f677e4c4485515625"},
    {file = "Pillow-9.5.0-cp311-cp311-musllinux_1_1_aarch64.whl", hash = "sha256:fed1e1cf6a42577953abbe8e6cf2fe2f566daebde7c34724ec8803c4c0cda579"},
    {file = "Pillow-9.5.0-cp311-cp311-musllinux_1_1_x86_64.whl", hash = "sha256:c1170d6b195555644f0616fd6ed929dfcf6333b8675fcca044ae5ab110ded296"},
    {file = "Pillow-9.5.0-cp311-cp311-win32.whl", hash = "sha256:54f7102ad31a3de5666827526e248c3530b3a33539dbda27c6843d19d72644ec"},
    {file = "Pillow-9.5.0-cp311-cp311-win_amd64.whl", hash = "sha256:cfa4561277f677ecf651e2b22dc43e8f5368b74a25a8f7d1d4a3a243e573f2d4"},
    {file = "Pillow-9.5.0-cp311-cp311-win_arm64.whl", hash = "sha256:965e4a05ef364e7b973dd17fc765f42233415974d773e82144c9bbaaaea5d089"},
    {file = "Pillow-9.5.0-pp38-pypy38_pp73-macosx_10_10_x86_64.whl", hash = "sha256:833b86a98e0ede388fa29363159c9b1a294b0905b5128baf01db683672f230f5"},
    {file = "Pillow-9.5.0-pp38-pypy38_pp73-manylinux_2_17_i686.manylinux2014_i686.whl", hash = "sha256:aaf305d6d40bd9632198c766fb64f0c1a83ca5b667f16c1e79e1661ab5060140"},
    {file = "Pillow-9.5.0-pp38-pypy38_pp73-manylinux_2_17_x86_64.manylinux2014_x86_64.whl", hash = "sha256:0852ddb76d85f127c135b6dd1f0bb88dbb9ee990d2cd9aa9e28526c93e794fba"},
    {file = "Pillow-9.5.0-pp38-pypy38_pp73-manylinux_2_28_x86_64.whl", hash = "sha256:91ec6fe47b5eb5a9968c79ad9ed78c342b1f97a091677ba0e012701add857829"},
    {file = "Pillow-9.5.0-pp38-pypy38_pp73-win_amd64.whl", hash = "sha256:cb841572862f629b99725ebaec3287fc6d275be9b14443ea746c1dd325053cbd"},
    {file = "Pillow-9.5.0-pp39-pypy39_pp73-macosx_10_10_x86_64.whl", hash = "sha256:c380b27d041209b849ed246b111b7c166ba36d7933ec6e41175fd15ab9eb1572"},
    {file = "Pillow-9.5.0-pp39-pypy39_pp73-manylinux_2_17_i686.manylinux2014_i686.whl", hash = "sha256:7c9af5a3b406a50e313467e3565fc99929717f780164fe6fbb7704edba0cebbe"},
    {file = "Pillow-9.5.0-pp39-pypy39_pp73-manylinux_2_17_x86_64.manylinux2014_x86_64.whl", hash = "sha256:5671583eab84af046a397d6d0ba25343c00cd50bce03787948e0fff01d4fd9b1"},
    {file = "Pillow-9.5.0-pp39-pypy39_pp73-manylinux_2_28_x86_64.whl", hash = "sha256:84a6f19ce086c1bf894644b43cd129702f781ba5751ca8572f08aa40ef0ab7b7"},
    {file = "Pillow-9.5.0-pp39-pypy39_pp73-win_amd64.whl", hash = "sha256:1e7723bd90ef94eda669a3c2c19d549874dd5badaeefabefd26053304abe5799"},
    {file = "Pillow-9.5.0.tar.gz", hash = "sha256:bf548479d336726d7a0eceb6e767e179fbde37833ae42794602631a070d630f1"},
]

[[package]]
name = "pyasn1"
version = "0.5.0"
requires_python = "!=3.0.*,!=3.1.*,!=3.2.*,!=3.3.*,!=3.4.*,!=3.5.*,>=2.7"
summary = "Pure-Python implementation of ASN.1 types and DER/BER/CER codecs (X.208)"
files = [
    {file = "pyasn1-0.5.0-py2.py3-none-any.whl", hash = "sha256:87a2121042a1ac9358cabcaf1d07680ff97ee6404333bacca15f76aa8ad01a57"},
    {file = "pyasn1-0.5.0.tar.gz", hash = "sha256:97b7290ca68e62a832558ec3976f15cbf911bf5d7c7039d8b861c2a0ece69fde"},
]

[[package]]
name = "pyasn1-modules"
version = "0.3.0"
requires_python = "!=3.0.*,!=3.1.*,!=3.2.*,!=3.3.*,!=3.4.*,!=3.5.*,>=2.7"
summary = "A collection of ASN.1-based protocols modules"
dependencies = [
    "pyasn1<0.6.0,>=0.4.6",
]
files = [
    {file = "pyasn1_modules-0.3.0-py2.py3-none-any.whl", hash = "sha256:d3ccd6ed470d9ffbc716be08bd90efbd44d0734bc9303818f7336070984a162d"},
    {file = "pyasn1_modules-0.3.0.tar.gz", hash = "sha256:5bd01446b736eb9d31512a30d46c1ac3395d676c6f3cafa4c03eb54b9925631c"},
]

[[package]]
name = "pygments"
version = "2.16.1"
requires_python = ">=3.7"
summary = "Pygments is a syntax highlighting package written in Python."
files = [
    {file = "Pygments-2.16.1-py3-none-any.whl", hash = "sha256:13fc09fa63bc8d8671a6d247e1eb303c4b343eaee81d861f3404db2935653692"},
    {file = "Pygments-2.16.1.tar.gz", hash = "sha256:1daff0494820c69bc8941e407aa20f577374ee88364ee10a98fdbe0aece96e29"},
]

[[package]]
name = "pymongo"
version = "4.6.3"
requires_python = ">=3.7"
summary = "Python driver for MongoDB <http://www.mongodb.org>"
dependencies = [
    "dnspython<3.0.0,>=1.16.0",
]
files = [
    {file = "pymongo-4.6.3-cp311-cp311-macosx_10_9_universal2.whl", hash = "sha256:138b9fa18d40401c217bc038a48bcde4160b02d36d8632015b1804971a2eaa2f"},
    {file = "pymongo-4.6.3-cp311-cp311-manylinux_2_17_aarch64.manylinux2014_aarch64.whl", hash = "sha256:60931b0e07448afe8866ffff764cd5bf4b1a855dc84c7dcb3974c6aa6a377a59"},
    {file = "pymongo-4.6.3-cp311-cp311-manylinux_2_17_ppc64le.manylinux2014_ppc64le.whl", hash = "sha256:9b35f8bded43ff91475305445fedf0613f880ff7e25c75ae1028e1260a9b7a86"},
    {file = "pymongo-4.6.3-cp311-cp311-manylinux_2_17_s390x.manylinux2014_s390x.whl", hash = "sha256:872bad5c83f7eec9da11e1fef5f858c6a4c79fe4a83c7780e7b0fe95d560ae3f"},
    {file = "pymongo-4.6.3-cp311-cp311-manylinux_2_17_x86_64.manylinux2014_x86_64.whl", hash = "sha256:c2ad3e5bfcd345c0bfe9af69a82d720860b5b043c1657ffb513c18a0dee19c19"},
    {file = "pymongo-4.6.3-cp311-cp311-manylinux_2_5_i686.manylinux1_i686.manylinux_2_17_i686.manylinux2014_i686.whl", hash = "sha256:0e208f2ab7b495eff8fd175022abfb0abce6307ac5aee3f4de51fc1a459b71c9"},
    {file = "pymongo-4.6.3-cp311-cp311-win32.whl", hash = "sha256:4670edbb5ddd71a4d555668ef99b032a5f81b59e4145d66123aa0d831eac7883"},
    {file = "pymongo-4.6.3-cp311-cp311-win_amd64.whl", hash = "sha256:1c2761302b6cbfd12e239ce1b8061d4cf424a361d199dcb32da534985cae9350"},
    {file = "pymongo-4.6.3.tar.gz", hash = "sha256:400074090b9a631f120b42c61b222fd743490c133a5d2f99c0208cefcccc964e"},
]

[[package]]
name = "python-dateutil"
version = "2.8.2"
requires_python = "!=3.0.*,!=3.1.*,!=3.2.*,>=2.7"
summary = "Extensions to the standard Python datetime module"
dependencies = [
    "six>=1.5",
]
files = [
    {file = "python-dateutil-2.8.2.tar.gz", hash = "sha256:0123cacc1627ae19ddf3c27a5de5bd67ee4586fbdd6440d9748f8abb483d3e86"},
    {file = "python_dateutil-2.8.2-py2.py3-none-any.whl", hash = "sha256:961d03dc3453ebbc59dbdea9e4e11c5651520a876d0f4db161e8674aae935da9"},
]

[[package]]
name = "pytz"
version = "2024.1"
summary = "World timezone definitions, modern and historical"
files = [
    {file = "pytz-2024.1-py2.py3-none-any.whl", hash = "sha256:328171f4e3623139da4983451950b28e95ac706e13f3f2630a879749e7a8b319"},
    {file = "pytz-2024.1.tar.gz", hash = "sha256:2a29735ea9c18baf14b448846bde5a48030ed267578472d8955cd0e7443a9812"},
]

[[package]]
name = "requests"
version = "2.31.0"
requires_python = ">=3.7"
summary = "Python HTTP for Humans."
dependencies = [
    "certifi>=2017.4.17",
    "charset-normalizer<4,>=2",
    "idna<4,>=2.5",
    "urllib3<3,>=1.21.1",
]
files = [
    {file = "requests-2.31.0-py3-none-any.whl", hash = "sha256:58cd2187c01e70e6e26505bca751777aa9f2ee0b7f4300988b709f44e013003f"},
    {file = "requests-2.31.0.tar.gz", hash = "sha256:942c5a758f98d790eaed1a29cb6eefc7ffb0d1cf7af05c3d2791656dbd6ad1e1"},
]

[[package]]
name = "requests-oauthlib"
version = "1.3.1"
requires_python = ">=2.7, !=3.0.*, !=3.1.*, !=3.2.*, !=3.3.*"
summary = "OAuthlib authentication support for Requests."
dependencies = [
    "oauthlib>=3.0.0",
    "requests>=2.0.0",
]
files = [
    {file = "requests-oauthlib-1.3.1.tar.gz", hash = "sha256:75beac4a47881eeb94d5ea5d6ad31ef88856affe2332b9aafb52c6452ccf0d7a"},
    {file = "requests_oauthlib-1.3.1-py2.py3-none-any.whl", hash = "sha256:2577c501a2fb8d05a304c09d090d6e47c306fef15809d102b327cf8364bddab5"},
]

[[package]]
name = "rsa"
version = "4.9"
requires_python = ">=3.6,<4"
summary = "Pure-Python RSA implementation"
dependencies = [
    "pyasn1>=0.1.3",
]
files = [
    {file = "rsa-4.9-py3-none-any.whl", hash = "sha256:90260d9058e514786967344d0ef75fa8727eed8a7d2e43ce9f4bcf1b536174f7"},
    {file = "rsa-4.9.tar.gz", hash = "sha256:e38464a49c6c85d7f1351b0126661487a7e0a14a50f1675ec50eb34d4f20ef21"},
]

[[package]]
name = "schedule"
version = "1.2.1"
requires_python = ">=3.7"
summary = "Job scheduling for humans."
files = [
    {file = "schedule-1.2.1-py2.py3-none-any.whl", hash = "sha256:14cdeb083a596aa1de6dc77639a1b2ac8bf6eaafa82b1c9279d3612823063d01"},
    {file = "schedule-1.2.1.tar.gz", hash = "sha256:843bc0538b99c93f02b8b50e3e39886c06f2d003b24f48e1aa4cadfa3f341279"},
]

[[package]]
name = "six"
version = "1.16.0"
requires_python = ">=2.7, !=3.0.*, !=3.1.*, !=3.2.*"
summary = "Python 2 and 3 compatibility utilities"
files = [
    {file = "six-1.16.0-py2.py3-none-any.whl", hash = "sha256:8abb2f1d86890a2dfb989f9a77cfcfd3e47c2a354b01111771326f8aa26e0254"},
    {file = "six-1.16.0.tar.gz", hash = "sha256:1e61c37477a1626458e36f7b1d82aa5c9b094fa4802892072e49de9c60c4c926"},
]

[[package]]
name = "snowballstemmer"
version = "2.2.0"
summary = "This package provides 29 stemmers for 28 languages generated from Snowball algorithms."
files = [
    {file = "snowballstemmer-2.2.0-py2.py3-none-any.whl", hash = "sha256:c8e1716e83cc398ae16824e5572ae04e0d9fc2c6b985fb0f900f5f0c96ecba1a"},
    {file = "snowballstemmer-2.2.0.tar.gz", hash = "sha256:09b16deb8547d3412ad7b590689584cd0fe25ec8db3be37788be3810cbf19cb1"},
]

[[package]]
name = "sphinx"
version = "6.1.3"
requires_python = ">=3.8"
summary = "Python documentation generator"
dependencies = [
    "Jinja2>=3.0",
    "Pygments>=2.13",
    "alabaster<0.8,>=0.7",
    "babel>=2.9",
    "colorama>=0.4.5; sys_platform == \"win32\"",
    "docutils<0.20,>=0.18",
    "imagesize>=1.3",
    "packaging>=21.0",
    "requests>=2.25.0",
    "snowballstemmer>=2.0",
    "sphinxcontrib-applehelp",
    "sphinxcontrib-devhelp",
    "sphinxcontrib-htmlhelp>=2.0.0",
    "sphinxcontrib-jsmath",
    "sphinxcontrib-qthelp",
    "sphinxcontrib-serializinghtml>=1.1.5",
]
files = [
    {file = "Sphinx-6.1.3.tar.gz", hash = "sha256:0dac3b698538ffef41716cf97ba26c1c7788dba73ce6f150c1ff5b4720786dd2"},
    {file = "sphinx-6.1.3-py3-none-any.whl", hash = "sha256:807d1cb3d6be87eb78a381c3e70ebd8d346b9a25f3753e9947e866b2786865fc"},
]

[[package]]
name = "sphinx-rtd-theme"
version = "1.2.0"
requires_python = "!=3.0.*,!=3.1.*,!=3.2.*,!=3.3.*,!=3.4.*,!=3.5.*,>=2.7"
summary = "Read the Docs theme for Sphinx"
dependencies = [
    "docutils<0.19",
    "sphinx<7,>=1.6",
    "sphinxcontrib-jquery!=3.0.0,>=2.0.0; python_version > \"3\"",
]
files = [
    {file = "sphinx_rtd_theme-1.2.0-py2.py3-none-any.whl", hash = "sha256:f823f7e71890abe0ac6aaa6013361ea2696fc8d3e1fa798f463e82bdb77eeff2"},
    {file = "sphinx_rtd_theme-1.2.0.tar.gz", hash = "sha256:a0d8bd1a2ed52e0b338cbe19c4b2eef3c5e7a048769753dac6a9f059c7b641b8"},
]

[[package]]
name = "sphinxcontrib-applehelp"
version = "1.0.7"
requires_python = ">=3.9"
summary = "sphinxcontrib-applehelp is a Sphinx extension which outputs Apple help books"
dependencies = [
    "Sphinx>=5",
]
files = [
    {file = "sphinxcontrib_applehelp-1.0.7-py3-none-any.whl", hash = "sha256:094c4d56209d1734e7d252f6e0b3ccc090bd52ee56807a5d9315b19c122ab15d"},
    {file = "sphinxcontrib_applehelp-1.0.7.tar.gz", hash = "sha256:39fdc8d762d33b01a7d8f026a3b7d71563ea3b72787d5f00ad8465bd9d6dfbfa"},
]

[[package]]
name = "sphinxcontrib-devhelp"
version = "1.0.5"
requires_python = ">=3.9"
summary = "sphinxcontrib-devhelp is a sphinx extension which outputs Devhelp documents"
dependencies = [
    "Sphinx>=5",
]
files = [
    {file = "sphinxcontrib_devhelp-1.0.5-py3-none-any.whl", hash = "sha256:fe8009aed765188f08fcaadbb3ea0d90ce8ae2d76710b7e29ea7d047177dae2f"},
    {file = "sphinxcontrib_devhelp-1.0.5.tar.gz", hash = "sha256:63b41e0d38207ca40ebbeabcf4d8e51f76c03e78cd61abe118cf4435c73d4212"},
]

[[package]]
name = "sphinxcontrib-htmlhelp"
version = "2.0.4"
requires_python = ">=3.9"
summary = "sphinxcontrib-htmlhelp is a sphinx extension which renders HTML help files"
dependencies = [
    "Sphinx>=5",
]
files = [
    {file = "sphinxcontrib_htmlhelp-2.0.4-py3-none-any.whl", hash = "sha256:8001661c077a73c29beaf4a79968d0726103c5605e27db92b9ebed8bab1359e9"},
    {file = "sphinxcontrib_htmlhelp-2.0.4.tar.gz", hash = "sha256:6c26a118a05b76000738429b724a0568dbde5b72391a688577da08f11891092a"},
]

[[package]]
name = "sphinxcontrib-jquery"
version = "4.1"
requires_python = ">=2.7"
summary = "Extension to include jQuery on newer Sphinx releases"
dependencies = [
    "Sphinx>=1.8",
]
files = [
    {file = "sphinxcontrib-jquery-4.1.tar.gz", hash = "sha256:1620739f04e36a2c779f1a131a2dfd49b2fd07351bf1968ced074365933abc7a"},
    {file = "sphinxcontrib_jquery-4.1-py2.py3-none-any.whl", hash = "sha256:f936030d7d0147dd026a4f2b5a57343d233f1fc7b363f68b3d4f1cb0993878ae"},
]

[[package]]
name = "sphinxcontrib-jsmath"
version = "1.0.1"
requires_python = ">=3.5"
summary = "A sphinx extension which renders display math in HTML via JavaScript"
files = [
    {file = "sphinxcontrib-jsmath-1.0.1.tar.gz", hash = "sha256:a9925e4a4587247ed2191a22df5f6970656cb8ca2bd6284309578f2153e0c4b8"},
    {file = "sphinxcontrib_jsmath-1.0.1-py2.py3-none-any.whl", hash = "sha256:2ec2eaebfb78f3f2078e73666b1415417a116cc848b72e5172e596c871103178"},
]

[[package]]
name = "sphinxcontrib-qthelp"
version = "1.0.6"
requires_python = ">=3.9"
summary = "sphinxcontrib-qthelp is a sphinx extension which outputs QtHelp documents"
dependencies = [
    "Sphinx>=5",
]
files = [
    {file = "sphinxcontrib_qthelp-1.0.6-py3-none-any.whl", hash = "sha256:bf76886ee7470b934e363da7a954ea2825650013d367728588732c7350f49ea4"},
    {file = "sphinxcontrib_qthelp-1.0.6.tar.gz", hash = "sha256:62b9d1a186ab7f5ee3356d906f648cacb7a6bdb94d201ee7adf26db55092982d"},
]

[[package]]
name = "sphinxcontrib-serializinghtml"
version = "1.1.9"
requires_python = ">=3.9"
summary = "sphinxcontrib-serializinghtml is a sphinx extension which outputs \"serialized\" HTML files (json and pickle)"
dependencies = [
    "Sphinx>=5",
]
files = [
    {file = "sphinxcontrib_serializinghtml-1.1.9-py3-none-any.whl", hash = "sha256:9b36e503703ff04f20e9675771df105e58aa029cfcbc23b8ed716019b7416ae1"},
    {file = "sphinxcontrib_serializinghtml-1.1.9.tar.gz", hash = "sha256:0c64ff898339e1fac29abd2bf5f11078f3ec413cfe9c046d3120d7ca65530b54"},
]

[[package]]
name = "strenum"
version = "0.4.15"
summary = "An Enum that inherits from str."
files = [
    {file = "StrEnum-0.4.15-py3-none-any.whl", hash = "sha256:a30cda4af7cc6b5bf52c8055bc4bf4b2b6b14a93b574626da33df53cf7740659"},
    {file = "StrEnum-0.4.15.tar.gz", hash = "sha256:878fb5ab705442070e4dd1929bb5e2249511c0bcf2b0eeacf3bcd80875c82eff"},
]

[[package]]
name = "typing-extensions"
version = "4.8.0"
requires_python = ">=3.8"
summary = "Backported and Experimental Type Hints for Python 3.8+"
files = [
    {file = "typing_extensions-4.8.0-py3-none-any.whl", hash = "sha256:8f92fc8806f9a6b641eaa5318da32b44d401efaac0f6678c9bc448ba3605faa0"},
    {file = "typing_extensions-4.8.0.tar.gz", hash = "sha256:df8e4339e9cb77357558cbdbceca33c303714cf861d1eef15e1070055ae8b7ef"},
]

[[package]]
name = "urllib3"
version = "2.0.7"
requires_python = ">=3.7"
summary = "HTTP library with thread-safe connection pooling, file post, and more."
files = [
    {file = "urllib3-2.0.7-py3-none-any.whl", hash = "sha256:fdb6d215c776278489906c2f8916e6e7d4f5a9b602ccbcfdf7f016fc8da0596e"},
    {file = "urllib3-2.0.7.tar.gz", hash = "sha256:c97dfde1f7bd43a71c8d2a58e369e9b2bf692d1334ea9f9cae55add7d0dd0f84"},
]

[[package]]
name = "yarl"
version = "1.9.2"
requires_python = ">=3.7"
summary = "Yet another URL library"
dependencies = [
    "idna>=2.0",
    "multidict>=4.0",
]
files = [
    {file = "yarl-1.9.2-cp311-cp311-macosx_10_9_universal2.whl", hash = "sha256:646d663eb2232d7909e6601f1a9107e66f9791f290a1b3dc7057818fe44fc2b6"},
    {file = "yarl-1.9.2-cp311-cp311-macosx_10_9_x86_64.whl", hash = "sha256:aff634b15beff8902d1f918012fc2a42e0dbae6f469fce134c8a0dc51ca423bb"},
    {file = "yarl-1.9.2-cp311-cp311-macosx_11_0_arm64.whl", hash = "sha256:a83503934c6273806aed765035716216cc9ab4e0364f7f066227e1aaea90b8d0"},
    {file = "yarl-1.9.2-cp311-cp311-manylinux_2_17_aarch64.manylinux2014_aarch64.whl", hash = "sha256:b25322201585c69abc7b0e89e72790469f7dad90d26754717f3310bfe30331c2"},
    {file = "yarl-1.9.2-cp311-cp311-manylinux_2_17_ppc64le.manylinux2014_ppc64le.whl", hash = "sha256:22a94666751778629f1ec4280b08eb11815783c63f52092a5953faf73be24191"},
    {file = "yarl-1.9.2-cp311-cp311-manylinux_2_17_s390x.manylinux2014_s390x.whl", hash = "sha256:8ec53a0ea2a80c5cd1ab397925f94bff59222aa3cf9c6da938ce05c9ec20428d"},
    {file = "yarl-1.9.2-cp311-cp311-manylinux_2_17_x86_64.manylinux2014_x86_64.whl", hash = "sha256:159d81f22d7a43e6eabc36d7194cb53f2f15f498dbbfa8edc8a3239350f59fe7"},
    {file = "yarl-1.9.2-cp311-cp311-manylinux_2_5_i686.manylinux1_i686.manylinux_2_17_i686.manylinux2014_i686.whl", hash = "sha256:832b7e711027c114d79dffb92576acd1bd2decc467dec60e1cac96912602d0e6"},
    {file = "yarl-1.9.2-cp311-cp311-musllinux_1_1_aarch64.whl", hash = "sha256:95d2ecefbcf4e744ea952d073c6922e72ee650ffc79028eb1e320e732898d7e8"},
    {file = "yarl-1.9.2-cp311-cp311-musllinux_1_1_i686.whl", hash = "sha256:d4e2c6d555e77b37288eaf45b8f60f0737c9efa3452c6c44626a5455aeb250b9"},
    {file = "yarl-1.9.2-cp311-cp311-musllinux_1_1_ppc64le.whl", hash = "sha256:783185c75c12a017cc345015ea359cc801c3b29a2966c2655cd12b233bf5a2be"},
    {file = "yarl-1.9.2-cp311-cp311-musllinux_1_1_s390x.whl", hash = "sha256:b8cc1863402472f16c600e3e93d542b7e7542a540f95c30afd472e8e549fc3f7"},
    {file = "yarl-1.9.2-cp311-cp311-musllinux_1_1_x86_64.whl", hash = "sha256:822b30a0f22e588b32d3120f6d41e4ed021806418b4c9f0bc3048b8c8cb3f92a"},
    {file = "yarl-1.9.2-cp311-cp311-win32.whl", hash = "sha256:a60347f234c2212a9f0361955007fcf4033a75bf600a33c88a0a8e91af77c0e8"},
    {file = "yarl-1.9.2-cp311-cp311-win_amd64.whl", hash = "sha256:be6b3fdec5c62f2a67cb3f8c6dbf56bbf3f61c0f046f84645cd1ca73532ea051"},
    {file = "yarl-1.9.2.tar.gz", hash = "sha256:04ab9d4b9f587c06d801c2abfe9317b77cdf996c65a90d5e84ecc45010823571"},
]
